
Microsoft Visual Studio Solution File, Format Version 12.00
# Visual Studio Version 16
VisualStudioVersion = 16.0.30011.22
MinimumVisualStudioVersion = 10.0.40219.1
Project("{FAE04EC0-301F-11D3-BF4B-00C04F79EFBC}") = "FoodTruckHound.Api", "FoodTruckHound.Api\FoodTruckHound.Api.csproj", "{8215A9DE-AC31-4CBF-9967-6A3C02731AB5}"
EndProject
Project("{FAE04EC0-301F-11D3-BF4B-00C04F79EFBC}") = "FoodTruckHound.Core", "FoodTruckHound.Core\FoodTruckHound.Core.csproj", "{01767469-35CF-4694-B439-18CCD8A7AFBD}"
EndProject
Project("{FAE04EC0-301F-11D3-BF4B-00C04F79EFBC}") = "FoodTruckHound.Data", "FoodTruckHound.Data\FoodTruckHound.Data.csproj", "{8A1A21E9-BE3C-49F0-8BDC-88086885EBBA}"
EndProject
Project("{FAE04EC0-301F-11D3-BF4B-00C04F79EFBC}") = "FoodTruckHound.Models", "FoodTruckHound.Models\FoodTruckHound.Models.csproj", "{B1B07AC1-EE1E-4DCE-B5C2-BF1672080195}"
EndProject
Global
	GlobalSection(SolutionConfigurationPlatforms) = preSolution
		Debug|Any CPU = Debug|Any CPU
		Release|Any CPU = Release|Any CPU
	EndGlobalSection
	GlobalSection(ProjectConfigurationPlatforms) = postSolution
		{8215A9DE-AC31-4CBF-9967-6A3C02731AB5}.Debug|Any CPU.ActiveCfg = Debug|Any CPU
		{8215A9DE-AC31-4CBF-9967-6A3C02731AB5}.Debug|Any CPU.Build.0 = Debug|Any CPU
		{8215A9DE-AC31-4CBF-9967-6A3C02731AB5}.Release|Any CPU.ActiveCfg = Release|Any CPU
		{8215A9DE-AC31-4CBF-9967-6A3C02731AB5}.Release|Any CPU.Build.0 = Release|Any CPU
		{01767469-35CF-4694-B439-18CCD8A7AFBD}.Debug|Any CPU.ActiveCfg = Debug|Any CPU
		{01767469-35CF-4694-B439-18CCD8A7AFBD}.Debug|Any CPU.Build.0 = Debug|Any CPU
		{01767469-35CF-4694-B439-18CCD8A7AFBD}.Release|Any CPU.ActiveCfg = Release|Any CPU
		{01767469-35CF-4694-B439-18CCD8A7AFBD}.Release|Any CPU.Build.0 = Release|Any CPU
		{8A1A21E9-BE3C-49F0-8BDC-88086885EBBA}.Debug|Any CPU.ActiveCfg = Debug|Any CPU
		{8A1A21E9-BE3C-49F0-8BDC-88086885EBBA}.Debug|Any CPU.Build.0 = Debug|Any CPU
		{8A1A21E9-BE3C-49F0-8BDC-88086885EBBA}.Release|Any CPU.ActiveCfg = Release|Any CPU
		{8A1A21E9-BE3C-49F0-8BDC-88086885EBBA}.Release|Any CPU.Build.0 = Release|Any CPU
		{B1B07AC1-EE1E-4DCE-B5C2-BF1672080195}.Debug|Any CPU.ActiveCfg = Debug|Any CPU
		{B1B07AC1-EE1E-4DCE-B5C2-BF1672080195}.Debug|Any CPU.Build.0 = Debug|Any CPU
		{B1B07AC1-EE1E-4DCE-B5C2-BF1672080195}.Release|Any CPU.ActiveCfg = Release|Any CPU
		{B1B07AC1-EE1E-4DCE-B5C2-BF1672080195}.Release|Any CPU.Build.0 = Release|Any CPU
	EndGlobalSection
	GlobalSection(SolutionProperties) = preSolution
		HideSolutionNode = FALSE
	EndGlobalSection
	GlobalSection(ExtensibilityGlobals) = postSolution
		SolutionGuid = {BCB769C0-1715-4155-9691-1C3AB18A3EDF}
	EndGlobalSection
EndGlobal
